
Microsoft Visual Studio Solution File, Format Version 12.00
# Visual Studio Version 17
VisualStudioVersion = 17.0.31611.283
MinimumVisualStudioVersion = 10.0.40219.1
Project("{9A19103F-16F7-4668-BE54-9A1E7A4F7556}") = "Template.MobileApp", "Template.MobileApp\Template.MobileApp.csproj", "{DBD57294-046B-4E95-8FF1-AD3C0D766719}"
EndProject
Project("{2150E333-8FDC-42A3-9474-1A3956D46DE8}") = "Solution Items", "Solution Items", "{F206C2E5-B2EE-459C-AA6B-9017EBE5AF48}"
	ProjectSection(SolutionItems) = preProject
		.editorconfig = .editorconfig
		.gitattributes = .gitattributes
		.gitignore = .gitignore
		Analyzers.ruleset = Analyzers.ruleset
		Directory.Build.props = Directory.Build.props
		Directory.Build.targets = Directory.Build.targets
		LICENSE = LICENSE
		README.md = README.md
		Settings.XamlStyler = Settings.XamlStyler
		Template.MobileApp.sln.DotSettings = Template.MobileApp.sln.DotSettings
	EndProjectSection
EndProject
Project("{9A19103F-16F7-4668-BE54-9A1E7A4F7556}") = "Smart.Maui", "..\Smart.Maui\Smart.Maui\Smart.Maui.csproj", "{EB00E472-01C6-4F14-B42E-8EF81A9D403C}"
EndProject
Project("{9A19103F-16F7-4668-BE54-9A1E7A4F7556}") = "Smart.Maui.Reactive", "..\Smart.Maui\Smart.Maui.Reactive\Smart.Maui.Reactive.csproj", "{D3F85424-07D8-46B5-9E69-216900A8FD67}"
EndProject
Project("{9A19103F-16F7-4668-BE54-9A1E7A4F7556}") = "MauiComponents", "..\MauiComponents\MauiComponents\MauiComponents.csproj", "{C2AC416F-6893-4FA4-8648-7DA3AEC4A9EC}"
EndProject
Project("{2150E333-8FDC-42A3-9474-1A3956D46DE8}") = "Library", "Library", "{AC8B748C-68B4-43DF-91DA-807BA8E6B640}"
EndProject
Project("{9A19103F-16F7-4668-BE54-9A1E7A4F7556}") = "MauiComponents.Resolver", "..\MauiComponents\MauiComponents.Resolver\MauiComponents.Resolver.csproj", "{62F9D846-F7F5-445C-8213-2F4B5BE8471E}"
EndProject
Project("{9A19103F-16F7-4668-BE54-9A1E7A4F7556}") = "MauiComponents.SourceGenerator", "..\MauiComponents\MauiComponents.SourceGenerator\MauiComponents.SourceGenerator.csproj", "{129CF3BD-611A-40D1-8D4F-66F18F085FAA}"
EndProject
Global
	GlobalSection(SolutionConfigurationPlatforms) = preSolution
		Debug|Any CPU = Debug|Any CPU
		Release|Any CPU = Release|Any CPU
	EndGlobalSection
	GlobalSection(ProjectConfigurationPlatforms) = postSolution
		{DBD57294-046B-4E95-8FF1-AD3C0D766719}.Debug|Any CPU.ActiveCfg = Debug|Any CPU
		{DBD57294-046B-4E95-8FF1-AD3C0D766719}.Debug|Any CPU.Build.0 = Debug|Any CPU
		{DBD57294-046B-4E95-8FF1-AD3C0D766719}.Debug|Any CPU.Deploy.0 = Debug|Any CPU
		{DBD57294-046B-4E95-8FF1-AD3C0D766719}.Release|Any CPU.ActiveCfg = Release|Any CPU
		{DBD57294-046B-4E95-8FF1-AD3C0D766719}.Release|Any CPU.Build.0 = Release|Any CPU
		{DBD57294-046B-4E95-8FF1-AD3C0D766719}.Release|Any CPU.Deploy.0 = Release|Any CPU
		{EB00E472-01C6-4F14-B42E-8EF81A9D403C}.Debug|Any CPU.ActiveCfg = Debug|Any CPU
		{EB00E472-01C6-4F14-B42E-8EF81A9D403C}.Debug|Any CPU.Build.0 = Debug|Any CPU
		{EB00E472-01C6-4F14-B42E-8EF81A9D403C}.Release|Any CPU.ActiveCfg = Release|Any CPU
		{EB00E472-01C6-4F14-B42E-8EF81A9D403C}.Release|Any CPU.Build.0 = Release|Any CPU
		{D3F85424-07D8-46B5-9E69-216900A8FD67}.Debug|Any CPU.ActiveCfg = Debug|Any CPU
		{D3F85424-07D8-46B5-9E69-216900A8FD67}.Debug|Any CPU.Build.0 = Debug|Any CPU
		{D3F85424-07D8-46B5-9E69-216900A8FD67}.Release|Any CPU.ActiveCfg = Release|Any CPU
		{D3F85424-07D8-46B5-9E69-216900A8FD67}.Release|Any CPU.Build.0 = Release|Any CPU
		{C2AC416F-6893-4FA4-8648-7DA3AEC4A9EC}.Debug|Any CPU.ActiveCfg = Debug|Any CPU
		{C2AC416F-6893-4FA4-8648-7DA3AEC4A9EC}.Debug|Any CPU.Build.0 = Debug|Any CPU
		{C2AC416F-6893-4FA4-8648-7DA3AEC4A9EC}.Release|Any CPU.ActiveCfg = Release|Any CPU
		{C2AC416F-6893-4FA4-8648-7DA3AEC4A9EC}.Release|Any CPU.Build.0 = Release|Any CPU
		{62F9D846-F7F5-445C-8213-2F4B5BE8471E}.Debug|Any CPU.ActiveCfg = Debug|Any CPU
		{62F9D846-F7F5-445C-8213-2F4B5BE8471E}.Debug|Any CPU.Build.0 = Debug|Any CPU
		{62F9D846-F7F5-445C-8213-2F4B5BE8471E}.Release|Any CPU.ActiveCfg = Release|Any CPU
		{62F9D846-F7F5-445C-8213-2F4B5BE8471E}.Release|Any CPU.Build.0 = Release|Any CPU
		{129CF3BD-611A-40D1-8D4F-66F18F085FAA}.Debug|Any CPU.ActiveCfg = Debug|Any CPU
		{129CF3BD-611A-40D1-8D4F-66F18F085FAA}.Debug|Any CPU.Build.0 = Debug|Any CPU
		{129CF3BD-611A-40D1-8D4F-66F18F085FAA}.Release|Any CPU.ActiveCfg = Release|Any CPU
		{129CF3BD-611A-40D1-8D4F-66F18F085FAA}.Release|Any CPU.Build.0 = Release|Any CPU
	EndGlobalSection
	GlobalSection(SolutionProperties) = preSolution
		HideSolutionNode = FALSE
	EndGlobalSection
	GlobalSection(NestedProjects) = preSolution
		{EB00E472-01C6-4F14-B42E-8EF81A9D403C} = {AC8B748C-68B4-43DF-91DA-807BA8E6B640}
		{D3F85424-07D8-46B5-9E69-216900A8FD67} = {AC8B748C-68B4-43DF-91DA-807BA8E6B640}
		{C2AC416F-6893-4FA4-8648-7DA3AEC4A9EC} = {AC8B748C-68B4-43DF-91DA-807BA8E6B640}
		{62F9D846-F7F5-445C-8213-2F4B5BE8471E} = {AC8B748C-68B4-43DF-91DA-807BA8E6B640}
		{129CF3BD-611A-40D1-8D4F-66F18F085FAA} = {AC8B748C-68B4-43DF-91DA-807BA8E6B640}
	EndGlobalSection
	GlobalSection(ExtensibilityGlobals) = postSolution
		SolutionGuid = {61F7FB11-1E47-470C-91E2-47F8143E1572}
	EndGlobalSection
EndGlobal
